
Microsoft Visual Studio Solution File, Format Version 12.00
# Visual Studio 15
VisualStudioVersion = 15.0.27703.2035
MinimumVisualStudioVersion = 10.0.40219.1
Project("{FAE04EC0-301F-11D3-BF4B-00C04F79EFBC}") = "LPains.LazyLoadedMasterDetailPage.Android", "LPains.LazyLoadedMasterDetailPage\LPains.LazyLoadedMasterDetailPage.Android\LPains.LazyLoadedMasterDetailPage.Android.csproj", "{02908894-2FE9-4508-AD08-A47918C69CDA}"
EndProject
Project("{FAE04EC0-301F-11D3-BF4B-00C04F79EFBC}") = "LPains.LazyLoadedMasterDetailPage.iOS", "LPains.LazyLoadedMasterDetailPage\LPains.LazyLoadedMasterDetailPage.iOS\LPains.LazyLoadedMasterDetailPage.iOS.csproj", "{0C6B320B-B73E-4B33-81EB-E5598AE05F19}"
EndProject
Project("{FAE04EC0-301F-11D3-BF4B-00C04F79EFBC}") = "LPains.LazyLoadedMasterDetailPage", "LPains.LazyLoadedMasterDetailPage\LPains.LazyLoadedMasterDetailPage\LPains.LazyLoadedMasterDetailPage.csproj", "{7FA30D62-A94B-4F6B-896E-2097A78E919A}"
EndProject
Global
	GlobalSection(SolutionConfigurationPlatforms) = preSolution
		Ad-Hoc|Any CPU = Ad-Hoc|Any CPU
		Ad-Hoc|iPhone = Ad-Hoc|iPhone
		Ad-Hoc|iPhoneSimulator = Ad-Hoc|iPhoneSimulator
		AppStore|Any CPU = AppStore|Any CPU
		AppStore|iPhone = AppStore|iPhone
		AppStore|iPhoneSimulator = AppStore|iPhoneSimulator
		Debug|Any CPU = Debug|Any CPU
		Debug|iPhone = Debug|iPhone
		Debug|iPhoneSimulator = Debug|iPhoneSimulator
		Release|Any CPU = Release|Any CPU
		Release|iPhone = Release|iPhone
		Release|iPhoneSimulator = Release|iPhoneSimulator
	EndGlobalSection
	GlobalSection(ProjectConfigurationPlatforms) = postSolution
		{02908894-2FE9-4508-AD08-A47918C69CDA}.Ad-Hoc|Any CPU.ActiveCfg = Release|Any CPU
		{02908894-2FE9-4508-AD08-A47918C69CDA}.Ad-Hoc|Any CPU.Build.0 = Release|Any CPU
		{02908894-2FE9-4508-AD08-A47918C69CDA}.Ad-Hoc|Any CPU.Deploy.0 = Release|Any CPU
		{02908894-2FE9-4508-AD08-A47918C69CDA}.Ad-Hoc|iPhone.ActiveCfg = Release|Any CPU
		{02908894-2FE9-4508-AD08-A47918C69CDA}.Ad-Hoc|iPhone.Build.0 = Release|Any CPU
		{02908894-2FE9-4508-AD08-A47918C69CDA}.Ad-Hoc|iPhone.Deploy.0 = Release|Any CPU
		{02908894-2FE9-4508-AD08-A47918C69CDA}.Ad-Hoc|iPhoneSimulator.ActiveCfg = Release|Any CPU
		{02908894-2FE9-4508-AD08-A47918C69CDA}.Ad-Hoc|iPhoneSimulator.Build.0 = Release|Any CPU
		{02908894-2FE9-4508-AD08-A47918C69CDA}.Ad-Hoc|iPhoneSimulator.Deploy.0 = Release|Any CPU
		{02908894-2FE9-4508-AD08-A47918C69CDA}.AppStore|Any CPU.ActiveCfg = Release|Any CPU
		{02908894-2FE9-4508-AD08-A47918C69CDA}.AppStore|Any CPU.Build.0 = Release|Any CPU
		{02908894-2FE9-4508-AD08-A47918C69CDA}.AppStore|Any CPU.Deploy.0 = Release|Any CPU
		{02908894-2FE9-4508-AD08-A47918C69CDA}.AppStore|iPhone.ActiveCfg = Release|Any CPU
		{02908894-2FE9-4508-AD08-A47918C69CDA}.AppStore|iPhone.Build.0 = Release|Any CPU
		{02908894-2FE9-4508-AD08-A47918C69CDA}.AppStore|iPhone.Deploy.0 = Release|Any CPU
		{02908894-2FE9-4508-AD08-A47918C69CDA}.AppStore|iPhoneSimulator.ActiveCfg = Release|Any CPU
		{02908894-2FE9-4508-AD08-A47918C69CDA}.AppStore|iPhoneSimulator.Build.0 = Release|Any CPU
		{02908894-2FE9-4508-AD08-A47918C69CDA}.AppStore|iPhoneSimulator.Deploy.0 = Release|Any CPU
		{02908894-2FE9-4508-AD08-A47918C69CDA}.Debug|Any CPU.ActiveCfg = Debug|Any CPU
		{02908894-2FE9-4508-AD08-A47918C69CDA}.Debug|Any CPU.Build.0 = Debug|Any CPU
		{02908894-2FE9-4508-AD08-A47918C69CDA}.Debug|Any CPU.Deploy.0 = Debug|Any CPU
		{02908894-2FE9-4508-AD08-A47918C69CDA}.Debug|iPhone.ActiveCfg = Debug|Any CPU
		{02908894-2FE9-4508-AD08-A47918C69CDA}.Debug|iPhone.Build.0 = Debug|Any CPU
		{02908894-2FE9-4508-AD08-A47918C69CDA}.Debug|iPhone.Deploy.0 = Debug|Any CPU
		{02908894-2FE9-4508-AD08-A47918C69CDA}.Debug|iPhoneSimulator.ActiveCfg = Debug|Any CPU
		{02908894-2FE9-4508-AD08-A47918C69CDA}.Debug|iPhoneSimulator.Build.0 = Debug|Any CPU
		{02908894-2FE9-4508-AD08-A47918C69CDA}.Debug|iPhoneSimulator.Deploy.0 = Debug|Any CPU
		{02908894-2FE9-4508-AD08-A47918C69CDA}.Release|Any CPU.ActiveCfg = Release|Any CPU
		{02908894-2FE9-4508-AD08-A47918C69CDA}.Release|Any CPU.Build.0 = Release|Any CPU
		{02908894-2FE9-4508-AD08-A47918C69CDA}.Release|Any CPU.Deploy.0 = Release|Any CPU
		{02908894-2FE9-4508-AD08-A47918C69CDA}.Release|iPhone.ActiveCfg = Release|Any CPU
		{02908894-2FE9-4508-AD08-A47918C69CDA}.Release|iPhone.Build.0 = Release|Any CPU
		{02908894-2FE9-4508-AD08-A47918C69CDA}.Release|iPhone.Deploy.0 = Release|Any CPU
		{02908894-2FE9-4508-AD08-A47918C69CDA}.Release|iPhoneSimulator.ActiveCfg = Release|Any CPU
		{02908894-2FE9-4508-AD08-A47918C69CDA}.Release|iPhoneSimulator.Build.0 = Release|Any CPU
		{02908894-2FE9-4508-AD08-A47918C69CDA}.Release|iPhoneSimulator.Deploy.0 = Release|Any CPU
		{0C6B320B-B73E-4B33-81EB-E5598AE05F19}.Ad-Hoc|Any CPU.ActiveCfg = Ad-Hoc|iPhone
		{0C6B320B-B73E-4B33-81EB-E5598AE05F19}.Ad-Hoc|Any CPU.Build.0 = Ad-Hoc|iPhone
		{0C6B320B-B73E-4B33-81EB-E5598AE05F19}.Ad-Hoc|Any CPU.Deploy.0 = Ad-Hoc|iPhone
		{0C6B320B-B73E-4B33-81EB-E5598AE05F19}.Ad-Hoc|iPhone.ActiveCfg = Ad-Hoc|iPhone
		{0C6B320B-B73E-4B33-81EB-E5598AE05F19}.Ad-Hoc|iPhone.Build.0 = Ad-Hoc|iPhone
		{0C6B320B-B73E-4B33-81EB-E5598AE05F19}.Ad-Hoc|iPhone.Deploy.0 = Ad-Hoc|iPhone
		{0C6B320B-B73E-4B33-81EB-E5598AE05F19}.Ad-Hoc|iPhoneSimulator.ActiveCfg = Ad-Hoc|iPhoneSimulator
		{0C6B320B-B73E-4B33-81EB-E5598AE05F19}.Ad-Hoc|iPhoneSimulator.Build.0 = Ad-Hoc|iPhoneSimulator
		{0C6B320B-B73E-4B33-81EB-E5598AE05F19}.Ad-Hoc|iPhoneSimulator.Deploy.0 = Ad-Hoc|iPhoneSimulator
		{0C6B320B-B73E-4B33-81EB-E5598AE05F19}.AppStore|Any CPU.ActiveCfg = AppStore|iPhone
		{0C6B320B-B73E-4B33-81EB-E5598AE05F19}.AppStore|Any CPU.Build.0 = AppStore|iPhone
		{0C6B320B-B73E-4B33-81EB-E5598AE05F19}.AppStore|Any CPU.Deploy.0 = AppStore|iPhone
		{0C6B320B-B73E-4B33-81EB-E5598AE05F19}.AppStore|iPhone.ActiveCfg = AppStore|iPhone
		{0C6B320B-B73E-4B33-81EB-E5598AE05F19}.AppStore|iPhone.Build.0 = AppStore|iPhone
		{0C6B320B-B73E-4B33-81EB-E5598AE05F19}.AppStore|iPhone.Deploy.0 = AppStore|iPhone
		{0C6B320B-B73E-4B33-81EB-E5598AE05F19}.AppStore|iPhoneSimulator.ActiveCfg = AppStore|iPhoneSimulator
		{0C6B320B-B73E-4B33-81EB-E5598AE05F19}.AppStore|iPhoneSimulator.Build.0 = AppStore|iPhoneSimulator
		{0C6B320B-B73E-4B33-81EB-E5598AE05F19}.AppStore|iPhoneSimulator.Deploy.0 = AppStore|iPhoneSimulator
		{0C6B320B-B73E-4B33-81EB-E5598AE05F19}.Debug|Any CPU.ActiveCfg = Debug|iPhone
		{0C6B320B-B73E-4B33-81EB-E5598AE05F19}.Debug|Any CPU.Build.0 = Debug|iPhone
		{0C6B320B-B73E-4B33-81EB-E5598AE05F19}.Debug|Any CPU.Deploy.0 = Debug|iPhone
		{0C6B320B-B73E-4B33-81EB-E5598AE05F19}.Debug|iPhone.ActiveCfg = Debug|iPhone
		{0C6B320B-B73E-4B33-81EB-E5598AE05F19}.Debug|iPhone.Build.0 = Debug|iPhone
		{0C6B320B-B73E-4B33-81EB-E5598AE05F19}.Debug|iPhone.Deploy.0 = Debug|iPhone
		{0C6B320B-B73E-4B33-81EB-E5598AE05F19}.Debug|iPhoneSimulator.ActiveCfg = Debug|iPhoneSimulator
		{0C6B320B-B73E-4B33-81EB-E5598AE05F19}.Debug|iPhoneSimulator.Build.0 = Debug|iPhoneSimulator
		{0C6B320B-B73E-4B33-81EB-E5598AE05F19}.Debug|iPhoneSimulator.Deploy.0 = Debug|iPhoneSimulator
		{0C6B320B-B73E-4B33-81EB-E5598AE05F19}.Release|Any CPU.ActiveCfg = Release|iPhone
		{0C6B320B-B73E-4B33-81EB-E5598AE05F19}.Release|Any CPU.Build.0 = Release|iPhone
		{0C6B320B-B73E-4B33-81EB-E5598AE05F19}.Release|Any CPU.Deploy.0 = Release|iPhone
		{0C6B320B-B73E-4B33-81EB-E5598AE05F19}.Release|iPhone.ActiveCfg = Release|iPhone
		{0C6B320B-B73E-4B33-81EB-E5598AE05F19}.Release|iPhone.Build.0 = Release|iPhone
		{0C6B320B-B73E-4B33-81EB-E5598AE05F19}.Release|iPhone.Deploy.0 = Release|iPhone
		{0C6B320B-B73E-4B33-81EB-E5598AE05F19}.Release|iPhoneSimulator.ActiveCfg = Release|iPhoneSimulator
		{0C6B320B-B73E-4B33-81EB-E5598AE05F19}.Release|iPhoneSimulator.Build.0 = Release|iPhoneSimulator
		{0C6B320B-B73E-4B33-81EB-E5598AE05F19}.Release|iPhoneSimulator.Deploy.0 = Release|iPhoneSimulator
		{7FA30D62-A94B-4F6B-896E-2097A78E919A}.Ad-Hoc|Any CPU.ActiveCfg = Debug|Any CPU
		{7FA30D62-A94B-4F6B-896E-2097A78E919A}.Ad-Hoc|Any CPU.Build.0 = Debug|Any CPU
		{7FA30D62-A94B-4F6B-896E-2097A78E919A}.Ad-Hoc|Any CPU.Deploy.0 = Debug|Any CPU
		{7FA30D62-A94B-4F6B-896E-2097A78E919A}.Ad-Hoc|iPhone.ActiveCfg = Debug|Any CPU
		{7FA30D62-A94B-4F6B-896E-2097A78E919A}.Ad-Hoc|iPhone.Build.0 = Debug|Any CPU
		{7FA30D62-A94B-4F6B-896E-2097A78E919A}.Ad-Hoc|iPhone.Deploy.0 = Debug|Any CPU
		{7FA30D62-A94B-4F6B-896E-2097A78E919A}.Ad-Hoc|iPhoneSimulator.ActiveCfg = Debug|Any CPU
		{7FA30D62-A94B-4F6B-896E-2097A78E919A}.Ad-Hoc|iPhoneSimulator.Build.0 = Debug|Any CPU
		{7FA30D62-A94B-4F6B-896E-2097A78E919A}.Ad-Hoc|iPhoneSimulator.Deploy.0 = Debug|Any CPU
		{7FA30D62-A94B-4F6B-896E-2097A78E919A}.AppStore|Any CPU.ActiveCfg = Debug|Any CPU
		{7FA30D62-A94B-4F6B-896E-2097A78E919A}.AppStore|Any CPU.Build.0 = Debug|Any CPU
		{7FA30D62-A94B-4F6B-896E-2097A78E919A}.AppStore|Any CPU.Deploy.0 = Debug|Any CPU
		{7FA30D62-A94B-4F6B-896E-2097A78E919A}.AppStore|iPhone.ActiveCfg = Debug|Any CPU
		{7FA30D62-A94B-4F6B-896E-2097A78E919A}.AppStore|iPhone.Build.0 = Debug|Any CPU
		{7FA30D62-A94B-4F6B-896E-2097A78E919A}.AppStore|iPhone.Deploy.0 = Debug|Any CPU
		{7FA30D62-A94B-4F6B-896E-2097A78E919A}.AppStore|iPhoneSimulator.ActiveCfg = Debug|Any CPU
		{7FA30D62-A94B-4F6B-896E-2097A78E919A}.AppStore|iPhoneSimulator.Build.0 = Debug|Any CPU
		{7FA30D62-A94B-4F6B-896E-2097A78E919A}.AppStore|iPhoneSimulator.Deploy.0 = Debug|Any CPU
		{7FA30D62-A94B-4F6B-896E-2097A78E919A}.Debug|Any CPU.ActiveCfg = Debug|Any CPU
		{7FA30D62-A94B-4F6B-896E-2097A78E919A}.Debug|Any CPU.Build.0 = Debug|Any CPU
		{7FA30D62-A94B-4F6B-896E-2097A78E919A}.Debug|Any CPU.Deploy.0 = Debug|Any CPU
		{7FA30D62-A94B-4F6B-896E-2097A78E919A}.Debug|iPhone.ActiveCfg = Debug|Any CPU
		{7FA30D62-A94B-4F6B-896E-2097A78E919A}.Debug|iPhone.Build.0 = Debug|Any CPU
		{7FA30D62-A94B-4F6B-896E-2097A78E919A}.Debug|iPhone.Deploy.0 = Debug|Any CPU
		{7FA30D62-A94B-4F6B-896E-2097A78E919A}.Debug|iPhoneSimulator.ActiveCfg = Debug|Any CPU
		{7FA30D62-A94B-4F6B-896E-2097A78E919A}.Debug|iPhoneSimulator.Build.0 = Debug|Any CPU
		{7FA30D62-A94B-4F6B-896E-2097A78E919A}.Debug|iPhoneSimulator.Deploy.0 = Debug|Any CPU
		{7FA30D62-A94B-4F6B-896E-2097A78E919A}.Release|Any CPU.ActiveCfg = Release|Any CPU
		{7FA30D62-A94B-4F6B-896E-2097A78E919A}.Release|Any CPU.Build.0 = Release|Any CPU
		{7FA30D62-A94B-4F6B-896E-2097A78E919A}.Release|Any CPU.Deploy.0 = Release|Any CPU
		{7FA30D62-A94B-4F6B-896E-2097A78E919A}.Release|iPhone.ActiveCfg = Release|Any CPU
		{7FA30D62-A94B-4F6B-896E-2097A78E919A}.Release|iPhone.Build.0 = Release|Any CPU
		{7FA30D62-A94B-4F6B-896E-2097A78E919A}.Release|iPhone.Deploy.0 = Release|Any CPU
		{7FA30D62-A94B-4F6B-896E-2097A78E919A}.Release|iPhoneSimulator.ActiveCfg = Release|Any CPU
		{7FA30D62-A94B-4F6B-896E-2097A78E919A}.Release|iPhoneSimulator.Build.0 = Release|Any CPU
		{7FA30D62-A94B-4F6B-896E-2097A78E919A}.Release|iPhoneSimulator.Deploy.0 = Release|Any CPU
	EndGlobalSection
	GlobalSection(SolutionProperties) = preSolution
		HideSolutionNode = FALSE
	EndGlobalSection
	GlobalSection(ExtensibilityGlobals) = postSolution
		SolutionGuid = {97F83C67-9079-4985-AC01-1D56638E173B}
	EndGlobalSection
EndGlobal
